
Microsoft Visual Studio Solution File, Format Version 12.00
# Visual Studio 15
VisualStudioVersion = 15.0.28307.1267
MinimumVisualStudioVersion = 10.0.40219.1
Project("{FAE04EC0-301F-11D3-BF4B-00C04F79EFBC}") = "RectConsoleApp1", "RectConsoleApp1\RectConsoleApp1.csproj", "{FF60133D-0101-441D-9CFA-6740CFEDE9A1}"
EndProject
Global
	GlobalSection(SolutionConfigurationPlatforms) = preSolution
		Debug|Any CPU = Debug|Any CPU
		Release|Any CPU = Release|Any CPU
	EndGlobalSection
	GlobalSection(ProjectConfigurationPlatforms) = postSolution
		{FF60133D-0101-441D-9CFA-6740CFEDE9A1}.Debug|Any CPU.ActiveCfg = Debug|Any CPU
		{FF60133D-0101-441D-9CFA-6740CFEDE9A1}.Debug|Any CPU.Build.0 = Debug|Any CPU
		{FF60133D-0101-441D-9CFA-6740CFEDE9A1}.Release|Any CPU.ActiveCfg = Release|Any CPU
		{FF60133D-0101-441D-9CFA-6740CFEDE9A1}.Release|Any CPU.Build.0 = Release|Any CPU
	EndGlobalSection
	GlobalSection(SolutionProperties) = preSolution
		HideSolutionNode = FALSE
	EndGlobalSection
	GlobalSection(ExtensibilityGlobals) = postSolution
		SolutionGuid = {A7FE91F7-5AC2-4718-AE26-5DC58D6A995B}
	EndGlobalSection
EndGlobal
